
Microsoft Visual Studio Solution File, Format Version 10.00
# Visual Studio 2008
Project("{FAE04EC0-301F-11D3-BF4B-00C04F79EFBC}") = "SVS_Mouseless", "SVS_Mouseless\SVS_Mouseless.csproj", "{410EF1FF-1B41-4998-8DB3-6F57388B51E9}"
EndProject
Project("{FAE04EC0-301F-11D3-BF4B-00C04F79EFBC}") = "ActionRecognitionEngine", "ActionRecognitionEngine\ActionRecognitionEngine.csproj", "{C87BD53D-0394-47BD-81A8-6312DC4CF174}"
EndProject
Project("{FAE04EC0-301F-11D3-BF4B-00C04F79EFBC}") = "FARInterface", "FARInterface\FARInterface.csproj", "{E3187B4E-6DCB-485F-A9C6-C534E75B99D0}"
EndProject
Project("{FAE04EC0-301F-11D3-BF4B-00C04F79EFBC}") = "FAR_MouseClick", "FAR_MouseClick\FAR_MouseClick.csproj", "{4FAE12F3-6DAB-41E2-9561-9E7036B453F8}"
EndProject
Project("{FAE04EC0-301F-11D3-BF4B-00C04F79EFBC}") = "ARInterface", "ARInterface\ARInterface.csproj", "{988C068C-7123-46B2-97A4-4C828A361C1A}"
EndProject
Project("{FAE04EC0-301F-11D3-BF4B-00C04F79EFBC}") = "AR_MouseLeftClick", "AR_MouseLeftClick\AR_MouseLeftClick.csproj", "{ADB8E850-10D5-47DD-999E-3A645E2E7F4C}"
EndProject
Project("{FAE04EC0-301F-11D3-BF4B-00C04F79EFBC}") = "EGInterface", "EGInterface\EGInterface.csproj", "{E347E3DD-138C-4FF9-9C2D-BC58E000E7CA}"
EndProject
Project("{FAE04EC0-301F-11D3-BF4B-00C04F79EFBC}") = "EG_MouseLeftClick", "EG_MouseLeftClick\EG_MouseLeftClick.csproj", "{08748602-D3AF-4DE5-8838-D5800E27A035}"
EndProject
Project("{FAE04EC0-301F-11D3-BF4B-00C04F79EFBC}") = "EventGenerationEngine", "EventGenerationEngine\EventGenerationEngine.csproj", "{AA51796F-E110-4ACD-928D-8DDDC0E74A81}"
EndProject
Project("{FAE04EC0-301F-11D3-BF4B-00C04F79EFBC}") = "MiddleEngine", "MiddleEngine\MiddleEngine.csproj", "{84E2090E-BE87-42AD-8329-AEA407FB168E}"
EndProject
Project("{FAE04EC0-301F-11D3-BF4B-00C04F79EFBC}") = "DataAdapter", "DataAdapter\DataAdapter.csproj", "{10948034-9737-4CA7-97D8-22F76EDBFA62}"
EndProject
Project("{8BC9CEB8-8B4A-11D0-8D11-00A0C91BC942}") = "StereoCalibration", "StereoCalibration\StereoCalibration.vcproj", "{507059EA-BDDB-4ACF-815C-1009AA17E1BD}"
EndProject
Project("{FAE04EC0-301F-11D3-BF4B-00C04F79EFBC}") = "AR_MouseRightClick", "AR_MouseRightClick\AR_MouseRightClick.csproj", "{0F360D68-DA66-439F-8C99-576D1442A852}"
EndProject
Project("{FAE04EC0-301F-11D3-BF4B-00C04F79EFBC}") = "FAR_MouseMove", "FAR_MouseMove\FAR_MouseMove.csproj", "{DA88337F-A843-4BA6-A834-FF1ECB293B4B}"
EndProject
Project("{FAE04EC0-301F-11D3-BF4B-00C04F79EFBC}") = "AR_MouseMove", "AR_MouseMove\AR_MouseMove.csproj", "{36FD04B8-CDB8-4973-9D0A-17881BBD088C}"
EndProject
Project("{FAE04EC0-301F-11D3-BF4B-00C04F79EFBC}") = "EG_MouseRightClick", "EG_MouseRightClick\EG_MouseRightClick.csproj", "{9CBB0079-EC1A-4C42-9657-95AFF1C2FFA8}"
EndProject
Project("{FAE04EC0-301F-11D3-BF4B-00C04F79EFBC}") = "EG_MouseMove", "EG_MouseMove\EG_MouseMove.csproj", "{FF6DFA98-2765-4C02-88AA-CE993A1D32C0}"
EndProject
Project("{FAE04EC0-301F-11D3-BF4B-00C04F79EFBC}") = "AR_SurfaceZoom", "AR_SurfaceZoom\AR_SurfaceZoom.csproj", "{656A58DB-8AE7-47E9-93A6-D55DE47BA8BC}"
EndProject
Project("{FAE04EC0-301F-11D3-BF4B-00C04F79EFBC}") = "AR_SurfaceRotate", "AR_SurfaceRotate\AR_SurfaceRotate.csproj", "{6400F511-CEF2-4E3E-8AF5-F3458D6F7E23}"
EndProject
Project("{FAE04EC0-301F-11D3-BF4B-00C04F79EFBC}") = "AR_SurfaceDraw", "AR_SurfaceDraw\AR_SurfaceDraw.csproj", "{805307DD-B086-4F56-9060-3B8B18447FDD}"
EndProject
Project("{FAE04EC0-301F-11D3-BF4B-00C04F79EFBC}") = "EG_SurfaceDraw", "EG_SurfaceDraw\EG_SurfaceDraw.csproj", "{8CA7306B-0E82-4305-A2F1-5ADD6B5B56B1}"
EndProject
Project("{FAE04EC0-301F-11D3-BF4B-00C04F79EFBC}") = "AR_MouseMove2", "AR_MouseMove2\AR_MouseMove2.csproj", "{07DCE12F-83FD-4150-A0C4-B52F53225FE1}"
EndProject
Global
	GlobalSection(SolutionConfigurationPlatforms) = preSolution
		Debug|Any CPU = Debug|Any CPU
		Debug|Mixed Platforms = Debug|Mixed Platforms
		Debug|Win32 = Debug|Win32
		Debug|x86 = Debug|x86
		Release|Any CPU = Release|Any CPU
		Release|Mixed Platforms = Release|Mixed Platforms
		Release|Win32 = Release|Win32
		Release|x86 = Release|x86
	EndGlobalSection
	GlobalSection(ProjectConfigurationPlatforms) = postSolution
		{410EF1FF-1B41-4998-8DB3-6F57388B51E9}.Debug|Any CPU.ActiveCfg = Debug|Any CPU
		{410EF1FF-1B41-4998-8DB3-6F57388B51E9}.Debug|Any CPU.Build.0 = Debug|Any CPU
		{410EF1FF-1B41-4998-8DB3-6F57388B51E9}.Debug|Mixed Platforms.ActiveCfg = Debug|Any CPU
		{410EF1FF-1B41-4998-8DB3-6F57388B51E9}.Debug|Mixed Platforms.Build.0 = Debug|Any CPU
		{410EF1FF-1B41-4998-8DB3-6F57388B51E9}.Debug|Win32.ActiveCfg = Debug|Any CPU
		{410EF1FF-1B41-4998-8DB3-6F57388B51E9}.Debug|x86.ActiveCfg = Debug|Any CPU
		{410EF1FF-1B41-4998-8DB3-6F57388B51E9}.Release|Any CPU.ActiveCfg = Release|Any CPU
		{410EF1FF-1B41-4998-8DB3-6F57388B51E9}.Release|Any CPU.Build.0 = Release|Any CPU
		{410EF1FF-1B41-4998-8DB3-6F57388B51E9}.Release|Mixed Platforms.ActiveCfg = Release|Any CPU
		{410EF1FF-1B41-4998-8DB3-6F57388B51E9}.Release|Mixed Platforms.Build.0 = Release|Any CPU
		{410EF1FF-1B41-4998-8DB3-6F57388B51E9}.Release|Win32.ActiveCfg = Release|Any CPU
		{410EF1FF-1B41-4998-8DB3-6F57388B51E9}.Release|x86.ActiveCfg = Release|Any CPU
		{C87BD53D-0394-47BD-81A8-6312DC4CF174}.Debug|Any CPU.ActiveCfg = Debug|Any CPU
		{C87BD53D-0394-47BD-81A8-6312DC4CF174}.Debug|Any CPU.Build.0 = Debug|Any CPU
		{C87BD53D-0394-47BD-81A8-6312DC4CF174}.Debug|Mixed Platforms.ActiveCfg = Debug|Any CPU
		{C87BD53D-0394-47BD-81A8-6312DC4CF174}.Debug|Mixed Platforms.Build.0 = Debug|Any CPU
		{C87BD53D-0394-47BD-81A8-6312DC4CF174}.Debug|Win32.ActiveCfg = Debug|Any CPU
		{C87BD53D-0394-47BD-81A8-6312DC4CF174}.Debug|x86.ActiveCfg = Debug|Any CPU
		{C87BD53D-0394-47BD-81A8-6312DC4CF174}.Release|Any CPU.ActiveCfg = Release|Any CPU
		{C87BD53D-0394-47BD-81A8-6312DC4CF174}.Release|Any CPU.Build.0 = Release|Any CPU
		{C87BD53D-0394-47BD-81A8-6312DC4CF174}.Release|Mixed Platforms.ActiveCfg = Release|Any CPU
		{C87BD53D-0394-47BD-81A8-6312DC4CF174}.Release|Mixed Platforms.Build.0 = Release|Any CPU
		{C87BD53D-0394-47BD-81A8-6312DC4CF174}.Release|Win32.ActiveCfg = Release|Any CPU
		{C87BD53D-0394-47BD-81A8-6312DC4CF174}.Release|x86.ActiveCfg = Release|Any CPU
		{E3187B4E-6DCB-485F-A9C6-C534E75B99D0}.Debug|Any CPU.ActiveCfg = Debug|Any CPU
		{E3187B4E-6DCB-485F-A9C6-C534E75B99D0}.Debug|Any CPU.Build.0 = Debug|Any CPU
		{E3187B4E-6DCB-485F-A9C6-C534E75B99D0}.Debug|Mixed Platforms.ActiveCfg = Debug|Any CPU
		{E3187B4E-6DCB-485F-A9C6-C534E75B99D0}.Debug|Mixed Platforms.Build.0 = Debug|Any CPU
		{E3187B4E-6DCB-485F-A9C6-C534E75B99D0}.Debug|Win32.ActiveCfg = Debug|Any CPU
		{E3187B4E-6DCB-485F-A9C6-C534E75B99D0}.Debug|x86.ActiveCfg = Debug|Any CPU
		{E3187B4E-6DCB-485F-A9C6-C534E75B99D0}.Release|Any CPU.ActiveCfg = Release|Any CPU
		{E3187B4E-6DCB-485F-A9C6-C534E75B99D0}.Release|Any CPU.Build.0 = Release|Any CPU
		{E3187B4E-6DCB-485F-A9C6-C534E75B99D0}.Release|Mixed Platforms.ActiveCfg = Release|Any CPU
		{E3187B4E-6DCB-485F-A9C6-C534E75B99D0}.Release|Mixed Platforms.Build.0 = Release|Any CPU
		{E3187B4E-6DCB-485F-A9C6-C534E75B99D0}.Release|Win32.ActiveCfg = Release|Any CPU
		{E3187B4E-6DCB-485F-A9C6-C534E75B99D0}.Release|x86.ActiveCfg = Release|Any CPU
		{4FAE12F3-6DAB-41E2-9561-9E7036B453F8}.Debug|Any CPU.ActiveCfg = Debug|Any CPU
		{4FAE12F3-6DAB-41E2-9561-9E7036B453F8}.Debug|Any CPU.Build.0 = Debug|Any CPU
		{4FAE12F3-6DAB-41E2-9561-9E7036B453F8}.Debug|Mixed Platforms.ActiveCfg = Debug|Any CPU
		{4FAE12F3-6DAB-41E2-9561-9E7036B453F8}.Debug|Mixed Platforms.Build.0 = Debug|Any CPU
		{4FAE12F3-6DAB-41E2-9561-9E7036B453F8}.Debug|Win32.ActiveCfg = Debug|Any CPU
		{4FAE12F3-6DAB-41E2-9561-9E7036B453F8}.Debug|x86.ActiveCfg = Debug|Any CPU
		{4FAE12F3-6DAB-41E2-9561-9E7036B453F8}.Release|Any CPU.ActiveCfg = Release|Any CPU
		{4FAE12F3-6DAB-41E2-9561-9E7036B453F8}.Release|Any CPU.Build.0 = Release|Any CPU
		{4FAE12F3-6DAB-41E2-9561-9E7036B453F8}.Release|Mixed Platforms.ActiveCfg = Release|Any CPU
		{4FAE12F3-6DAB-41E2-9561-9E7036B453F8}.Release|Mixed Platforms.Build.0 = Release|Any CPU
		{4FAE12F3-6DAB-41E2-9561-9E7036B453F8}.Release|Win32.ActiveCfg = Release|Any CPU
		{4FAE12F3-6DAB-41E2-9561-9E7036B453F8}.Release|x86.ActiveCfg = Release|Any CPU
		{988C068C-7123-46B2-97A4-4C828A361C1A}.Debug|Any CPU.ActiveCfg = Debug|Any CPU
		{988C068C-7123-46B2-97A4-4C828A361C1A}.Debug|Any CPU.Build.0 = Debug|Any CPU
		{988C068C-7123-46B2-97A4-4C828A361C1A}.Debug|Mixed Platforms.ActiveCfg = Debug|Any CPU
		{988C068C-7123-46B2-97A4-4C828A361C1A}.Debug|Mixed Platforms.Build.0 = Debug|Any CPU
		{988C068C-7123-46B2-97A4-4C828A361C1A}.Debug|Win32.ActiveCfg = Debug|Any CPU
		{988C068C-7123-46B2-97A4-4C828A361C1A}.Debug|x86.ActiveCfg = Debug|Any CPU
		{988C068C-7123-46B2-97A4-4C828A361C1A}.Release|Any CPU.ActiveCfg = Release|Any CPU
		{988C068C-7123-46B2-97A4-4C828A361C1A}.Release|Any CPU.Build.0 = Release|Any CPU
		{988C068C-7123-46B2-97A4-4C828A361C1A}.Release|Mixed Platforms.ActiveCfg = Release|Any CPU
		{988C068C-7123-46B2-97A4-4C828A361C1A}.Release|Mixed Platforms.Build.0 = Release|Any CPU
		{988C068C-7123-46B2-97A4-4C828A361C1A}.Release|Win32.ActiveCfg = Release|Any CPU
		{988C068C-7123-46B2-97A4-4C828A361C1A}.Release|x86.ActiveCfg = Release|Any CPU
		{ADB8E850-10D5-47DD-999E-3A645E2E7F4C}.Debug|Any CPU.ActiveCfg = Debug|Any CPU
		{ADB8E850-10D5-47DD-999E-3A645E2E7F4C}.Debug|Any CPU.Build.0 = Debug|Any CPU
		{ADB8E850-10D5-47DD-999E-3A645E2E7F4C}.Debug|Mixed Platforms.ActiveCfg = Debug|Any CPU
		{ADB8E850-10D5-47DD-999E-3A645E2E7F4C}.Debug|Mixed Platforms.Build.0 = Debug|Any CPU
		{ADB8E850-10D5-47DD-999E-3A645E2E7F4C}.Debug|Win32.ActiveCfg = Debug|Any CPU
		{ADB8E850-10D5-47DD-999E-3A645E2E7F4C}.Debug|x86.ActiveCfg = Debug|Any CPU
		{ADB8E850-10D5-47DD-999E-3A645E2E7F4C}.Release|Any CPU.ActiveCfg = Release|Any CPU
		{ADB8E850-10D5-47DD-999E-3A645E2E7F4C}.Release|Any CPU.Build.0 = Release|Any CPU
		{ADB8E850-10D5-47DD-999E-3A645E2E7F4C}.Release|Mixed Platforms.ActiveCfg = Release|Any CPU
		{ADB8E850-10D5-47DD-999E-3A645E2E7F4C}.Release|Mixed Platforms.Build.0 = Release|Any CPU
		{ADB8E850-10D5-47DD-999E-3A645E2E7F4C}.Release|Win32.ActiveCfg = Release|Any CPU
		{ADB8E850-10D5-47DD-999E-3A645E2E7F4C}.Release|x86.ActiveCfg = Release|Any CPU
		{E347E3DD-138C-4FF9-9C2D-BC58E000E7CA}.Debug|Any CPU.ActiveCfg = Debug|Any CPU
		{E347E3DD-138C-4FF9-9C2D-BC58E000E7CA}.Debug|Any CPU.Build.0 = Debug|Any CPU
		{E347E3DD-138C-4FF9-9C2D-BC58E000E7CA}.Debug|Mixed Platforms.ActiveCfg = Debug|Any CPU
		{E347E3DD-138C-4FF9-9C2D-BC58E000E7CA}.Debug|Mixed Platforms.Build.0 = Debug|Any CPU
		{E347E3DD-138C-4FF9-9C2D-BC58E000E7CA}.Debug|Win32.ActiveCfg = Debug|Any CPU
		{E347E3DD-138C-4FF9-9C2D-BC58E000E7CA}.Debug|x86.ActiveCfg = Debug|Any CPU
		{E347E3DD-138C-4FF9-9C2D-BC58E000E7CA}.Release|Any CPU.ActiveCfg = Release|Any CPU
		{E347E3DD-138C-4FF9-9C2D-BC58E000E7CA}.Release|Any CPU.Build.0 = Release|Any CPU
		{E347E3DD-138C-4FF9-9C2D-BC58E000E7CA}.Release|Mixed Platforms.ActiveCfg = Release|Any CPU
		{E347E3DD-138C-4FF9-9C2D-BC58E000E7CA}.Release|Mixed Platforms.Build.0 = Release|Any CPU
		{E347E3DD-138C-4FF9-9C2D-BC58E000E7CA}.Release|Win32.ActiveCfg = Release|Any CPU
		{E347E3DD-138C-4FF9-9C2D-BC58E000E7CA}.Release|x86.ActiveCfg = Release|Any CPU
		{08748602-D3AF-4DE5-8838-D5800E27A035}.Debug|Any CPU.ActiveCfg = Debug|Any CPU
		{08748602-D3AF-4DE5-8838-D5800E27A035}.Debug|Any CPU.Build.0 = Debug|Any CPU
		{08748602-D3AF-4DE5-8838-D5800E27A035}.Debug|Mixed Platforms.ActiveCfg = Debug|Any CPU
		{08748602-D3AF-4DE5-8838-D5800E27A035}.Debug|Mixed Platforms.Build.0 = Debug|Any CPU
		{08748602-D3AF-4DE5-8838-D5800E27A035}.Debug|Win32.ActiveCfg = Debug|Any CPU
		{08748602-D3AF-4DE5-8838-D5800E27A035}.Debug|x86.ActiveCfg = Debug|Any CPU
		{08748602-D3AF-4DE5-8838-D5800E27A035}.Release|Any CPU.ActiveCfg = Release|Any CPU
		{08748602-D3AF-4DE5-8838-D5800E27A035}.Release|Any CPU.Build.0 = Release|Any CPU
		{08748602-D3AF-4DE5-8838-D5800E27A035}.Release|Mixed Platforms.ActiveCfg = Release|Any CPU
		{08748602-D3AF-4DE5-8838-D5800E27A035}.Release|Mixed Platforms.Build.0 = Release|Any CPU
		{08748602-D3AF-4DE5-8838-D5800E27A035}.Release|Win32.ActiveCfg = Release|Any CPU
		{08748602-D3AF-4DE5-8838-D5800E27A035}.Release|x86.ActiveCfg = Release|Any CPU
		{AA51796F-E110-4ACD-928D-8DDDC0E74A81}.Debug|Any CPU.ActiveCfg = Debug|Any CPU
		{AA51796F-E110-4ACD-928D-8DDDC0E74A81}.Debug|Any CPU.Build.0 = Debug|Any CPU
		{AA51796F-E110-4ACD-928D-8DDDC0E74A81}.Debug|Mixed Platforms.ActiveCfg = Debug|Any CPU
		{AA51796F-E110-4ACD-928D-8DDDC0E74A81}.Debug|Mixed Platforms.Build.0 = Debug|Any CPU
		{AA51796F-E110-4ACD-928D-8DDDC0E74A81}.Debug|Win32.ActiveCfg = Debug|Any CPU
		{AA51796F-E110-4ACD-928D-8DDDC0E74A81}.Debug|x86.ActiveCfg = Debug|Any CPU
		{AA51796F-E110-4ACD-928D-8DDDC0E74A81}.Release|Any CPU.ActiveCfg = Release|Any CPU
		{AA51796F-E110-4ACD-928D-8DDDC0E74A81}.Release|Any CPU.Build.0 = Release|Any CPU
		{AA51796F-E110-4ACD-928D-8DDDC0E74A81}.Release|Mixed Platforms.ActiveCfg = Release|Any CPU
		{AA51796F-E110-4ACD-928D-8DDDC0E74A81}.Release|Mixed Platforms.Build.0 = Release|Any CPU
		{AA51796F-E110-4ACD-928D-8DDDC0E74A81}.Release|Win32.ActiveCfg = Release|Any CPU
		{AA51796F-E110-4ACD-928D-8DDDC0E74A81}.Release|x86.ActiveCfg = Release|Any CPU
		{84E2090E-BE87-42AD-8329-AEA407FB168E}.Debug|Any CPU.ActiveCfg = Debug|Any CPU
		{84E2090E-BE87-42AD-8329-AEA407FB168E}.Debug|Any CPU.Build.0 = Debug|Any CPU
		{84E2090E-BE87-42AD-8329-AEA407FB168E}.Debug|Mixed Platforms.ActiveCfg = Debug|Any CPU
		{84E2090E-BE87-42AD-8329-AEA407FB168E}.Debug|Mixed Platforms.Build.0 = Debug|Any CPU
		{84E2090E-BE87-42AD-8329-AEA407FB168E}.Debug|Win32.ActiveCfg = Debug|Any CPU
		{84E2090E-BE87-42AD-8329-AEA407FB168E}.Debug|x86.ActiveCfg = Debug|Any CPU
		{84E2090E-BE87-42AD-8329-AEA407FB168E}.Release|Any CPU.ActiveCfg = Release|Any CPU
		{84E2090E-BE87-42AD-8329-AEA407FB168E}.Release|Any CPU.Build.0 = Release|Any CPU
		{84E2090E-BE87-42AD-8329-AEA407FB168E}.Release|Mixed Platforms.ActiveCfg = Release|Any CPU
		{84E2090E-BE87-42AD-8329-AEA407FB168E}.Release|Mixed Platforms.Build.0 = Release|Any CPU
		{84E2090E-BE87-42AD-8329-AEA407FB168E}.Release|Win32.ActiveCfg = Release|Any CPU
		{84E2090E-BE87-42AD-8329-AEA407FB168E}.Release|x86.ActiveCfg = Release|Any CPU
		{10948034-9737-4CA7-97D8-22F76EDBFA62}.Debug|Any CPU.ActiveCfg = Debug|Any CPU
		{10948034-9737-4CA7-97D8-22F76EDBFA62}.Debug|Any CPU.Build.0 = Debug|Any CPU
		{10948034-9737-4CA7-97D8-22F76EDBFA62}.Debug|Mixed Platforms.ActiveCfg = Debug|Any CPU
		{10948034-9737-4CA7-97D8-22F76EDBFA62}.Debug|Mixed Platforms.Build.0 = Debug|Any CPU
		{10948034-9737-4CA7-97D8-22F76EDBFA62}.Debug|Win32.ActiveCfg = Debug|Any CPU
		{10948034-9737-4CA7-97D8-22F76EDBFA62}.Debug|x86.ActiveCfg = Debug|Any CPU
		{10948034-9737-4CA7-97D8-22F76EDBFA62}.Release|Any CPU.ActiveCfg = Release|Any CPU
		{10948034-9737-4CA7-97D8-22F76EDBFA62}.Release|Any CPU.Build.0 = Release|Any CPU
		{10948034-9737-4CA7-97D8-22F76EDBFA62}.Release|Mixed Platforms.ActiveCfg = Release|Any CPU
		{10948034-9737-4CA7-97D8-22F76EDBFA62}.Release|Mixed Platforms.Build.0 = Release|Any CPU
		{10948034-9737-4CA7-97D8-22F76EDBFA62}.Release|Win32.ActiveCfg = Release|Any CPU
		{10948034-9737-4CA7-97D8-22F76EDBFA62}.Release|x86.ActiveCfg = Release|Any CPU
		{507059EA-BDDB-4ACF-815C-1009AA17E1BD}.Debug|Any CPU.ActiveCfg = Debug|Win32
		{507059EA-BDDB-4ACF-815C-1009AA17E1BD}.Debug|Mixed Platforms.ActiveCfg = Debug|Win32
		{507059EA-BDDB-4ACF-815C-1009AA17E1BD}.Debug|Mixed Platforms.Build.0 = Debug|Win32
		{507059EA-BDDB-4ACF-815C-1009AA17E1BD}.Debug|Win32.ActiveCfg = Debug|Win32
		{507059EA-BDDB-4ACF-815C-1009AA17E1BD}.Debug|Win32.Build.0 = Debug|Win32
		{507059EA-BDDB-4ACF-815C-1009AA17E1BD}.Debug|x86.ActiveCfg = Debug|Win32
		{507059EA-BDDB-4ACF-815C-1009AA17E1BD}.Release|Any CPU.ActiveCfg = Release|Win32
		{507059EA-BDDB-4ACF-815C-1009AA17E1BD}.Release|Mixed Platforms.ActiveCfg = Release|Win32
		{507059EA-BDDB-4ACF-815C-1009AA17E1BD}.Release|Mixed Platforms.Build.0 = Release|Win32
		{507059EA-BDDB-4ACF-815C-1009AA17E1BD}.Release|Win32.ActiveCfg = Release|Win32
		{507059EA-BDDB-4ACF-815C-1009AA17E1BD}.Release|Win32.Build.0 = Release|Win32
		{507059EA-BDDB-4ACF-815C-1009AA17E1BD}.Release|x86.ActiveCfg = Release|Win32
		{0F360D68-DA66-439F-8C99-576D1442A852}.Debug|Any CPU.ActiveCfg = Debug|Any CPU
		{0F360D68-DA66-439F-8C99-576D1442A852}.Debug|Any CPU.Build.0 = Debug|Any CPU
		{0F360D68-DA66-439F-8C99-576D1442A852}.Debug|Mixed Platforms.ActiveCfg = Debug|Any CPU
		{0F360D68-DA66-439F-8C99-576D1442A852}.Debug|Mixed Platforms.Build.0 = Debug|Any CPU
		{0F360D68-DA66-439F-8C99-576D1442A852}.Debug|Win32.ActiveCfg = Debug|Any CPU
		{0F360D68-DA66-439F-8C99-576D1442A852}.Debug|x86.ActiveCfg = Debug|Any CPU
		{0F360D68-DA66-439F-8C99-576D1442A852}.Release|Any CPU.ActiveCfg = Release|Any CPU
		{0F360D68-DA66-439F-8C99-576D1442A852}.Release|Any CPU.Build.0 = Release|Any CPU
		{0F360D68-DA66-439F-8C99-576D1442A852}.Release|Mixed Platforms.ActiveCfg = Release|Any CPU
		{0F360D68-DA66-439F-8C99-576D1442A852}.Release|Mixed Platforms.Build.0 = Release|Any CPU
		{0F360D68-DA66-439F-8C99-576D1442A852}.Release|Win32.ActiveCfg = Release|Any CPU
		{0F360D68-DA66-439F-8C99-576D1442A852}.Release|x86.ActiveCfg = Release|Any CPU
		{DA88337F-A843-4BA6-A834-FF1ECB293B4B}.Debug|Any CPU.ActiveCfg = Debug|Any CPU
		{DA88337F-A843-4BA6-A834-FF1ECB293B4B}.Debug|Any CPU.Build.0 = Debug|Any CPU
		{DA88337F-A843-4BA6-A834-FF1ECB293B4B}.Debug|Mixed Platforms.ActiveCfg = Debug|Any CPU
		{DA88337F-A843-4BA6-A834-FF1ECB293B4B}.Debug|Mixed Platforms.Build.0 = Debug|Any CPU
		{DA88337F-A843-4BA6-A834-FF1ECB293B4B}.Debug|Win32.ActiveCfg = Debug|Any CPU
		{DA88337F-A843-4BA6-A834-FF1ECB293B4B}.Debug|x86.ActiveCfg = Debug|Any CPU
		{DA88337F-A843-4BA6-A834-FF1ECB293B4B}.Release|Any CPU.ActiveCfg = Release|Any CPU
		{DA88337F-A843-4BA6-A834-FF1ECB293B4B}.Release|Any CPU.Build.0 = Release|Any CPU
		{DA88337F-A843-4BA6-A834-FF1ECB293B4B}.Release|Mixed Platforms.ActiveCfg = Release|Any CPU
		{DA88337F-A843-4BA6-A834-FF1ECB293B4B}.Release|Mixed Platforms.Build.0 = Release|Any CPU
		{DA88337F-A843-4BA6-A834-FF1ECB293B4B}.Release|Win32.ActiveCfg = Release|Any CPU
		{DA88337F-A843-4BA6-A834-FF1ECB293B4B}.Release|x86.ActiveCfg = Release|Any CPU
		{36FD04B8-CDB8-4973-9D0A-17881BBD088C}.Debug|Any CPU.ActiveCfg = Debug|Any CPU
		{36FD04B8-CDB8-4973-9D0A-17881BBD088C}.Debug|Any CPU.Build.0 = Debug|Any CPU
		{36FD04B8-CDB8-4973-9D0A-17881BBD088C}.Debug|Mixed Platforms.ActiveCfg = Debug|Any CPU
		{36FD04B8-CDB8-4973-9D0A-17881BBD088C}.Debug|Mixed Platforms.Build.0 = Debug|Any CPU
		{36FD04B8-CDB8-4973-9D0A-17881BBD088C}.Debug|Win32.ActiveCfg = Debug|Any CPU
		{36FD04B8-CDB8-4973-9D0A-17881BBD088C}.Debug|x86.ActiveCfg = Debug|Any CPU
		{36FD04B8-CDB8-4973-9D0A-17881BBD088C}.Release|Any CPU.ActiveCfg = Release|Any CPU
		{36FD04B8-CDB8-4973-9D0A-17881BBD088C}.Release|Any CPU.Build.0 = Release|Any CPU
		{36FD04B8-CDB8-4973-9D0A-17881BBD088C}.Release|Mixed Platforms.ActiveCfg = Release|Any CPU
		{36FD04B8-CDB8-4973-9D0A-17881BBD088C}.Release|Mixed Platforms.Build.0 = Release|Any CPU
		{36FD04B8-CDB8-4973-9D0A-17881BBD088C}.Release|Win32.ActiveCfg = Release|Any CPU
		{36FD04B8-CDB8-4973-9D0A-17881BBD088C}.Release|x86.ActiveCfg = Release|Any CPU
		{9CBB0079-EC1A-4C42-9657-95AFF1C2FFA8}.Debug|Any CPU.ActiveCfg = Debug|Any CPU
		{9CBB0079-EC1A-4C42-9657-95AFF1C2FFA8}.Debug|Any CPU.Build.0 = Debug|Any CPU
		{9CBB0079-EC1A-4C42-9657-95AFF1C2FFA8}.Debug|Mixed Platforms.ActiveCfg = Debug|Any CPU
		{9CBB0079-EC1A-4C42-9657-95AFF1C2FFA8}.Debug|Mixed Platforms.Build.0 = Debug|Any CPU
		{9CBB0079-EC1A-4C42-9657-95AFF1C2FFA8}.Debug|Win32.ActiveCfg = Debug|Any CPU
		{9CBB0079-EC1A-4C42-9657-95AFF1C2FFA8}.Debug|x86.ActiveCfg = Debug|Any CPU
		{9CBB0079-EC1A-4C42-9657-95AFF1C2FFA8}.Release|Any CPU.ActiveCfg = Release|Any CPU
		{9CBB0079-EC1A-4C42-9657-95AFF1C2FFA8}.Release|Any CPU.Build.0 = Release|Any CPU
		{9CBB0079-EC1A-4C42-9657-95AFF1C2FFA8}.Release|Mixed Platforms.ActiveCfg = Release|Any CPU
		{9CBB0079-EC1A-4C42-9657-95AFF1C2FFA8}.Release|Mixed Platforms.Build.0 = Release|Any CPU
		{9CBB0079-EC1A-4C42-9657-95AFF1C2FFA8}.Release|Win32.ActiveCfg = Release|Any CPU
		{9CBB0079-EC1A-4C42-9657-95AFF1C2FFA8}.Release|x86.ActiveCfg = Release|Any CPU
		{FF6DFA98-2765-4C02-88AA-CE993A1D32C0}.Debug|Any CPU.ActiveCfg = Debug|Any CPU
		{FF6DFA98-2765-4C02-88AA-CE993A1D32C0}.Debug|Any CPU.Build.0 = Debug|Any CPU
		{FF6DFA98-2765-4C02-88AA-CE993A1D32C0}.Debug|Mixed Platforms.ActiveCfg = Debug|Any CPU
		{FF6DFA98-2765-4C02-88AA-CE993A1D32C0}.Debug|Mixed Platforms.Build.0 = Debug|Any CPU
		{FF6DFA98-2765-4C02-88AA-CE993A1D32C0}.Debug|Win32.ActiveCfg = Debug|Any CPU
		{FF6DFA98-2765-4C02-88AA-CE993A1D32C0}.Debug|x86.ActiveCfg = Debug|Any CPU
		{FF6DFA98-2765-4C02-88AA-CE993A1D32C0}.Release|Any CPU.ActiveCfg = Release|Any CPU
		{FF6DFA98-2765-4C02-88AA-CE993A1D32C0}.Release|Any CPU.Build.0 = Release|Any CPU
		{FF6DFA98-2765-4C02-88AA-CE993A1D32C0}.Release|Mixed Platforms.ActiveCfg = Release|Any CPU
		{FF6DFA98-2765-4C02-88AA-CE993A1D32C0}.Release|Mixed Platforms.Build.0 = Release|Any CPU
		{FF6DFA98-2765-4C02-88AA-CE993A1D32C0}.Release|Win32.ActiveCfg = Release|Any CPU
		{FF6DFA98-2765-4C02-88AA-CE993A1D32C0}.Release|x86.ActiveCfg = Release|Any CPU
		{656A58DB-8AE7-47E9-93A6-D55DE47BA8BC}.Debug|Any CPU.ActiveCfg = Debug|Any CPU
		{656A58DB-8AE7-47E9-93A6-D55DE47BA8BC}.Debug|Any CPU.Build.0 = Debug|Any CPU
		{656A58DB-8AE7-47E9-93A6-D55DE47BA8BC}.Debug|Mixed Platforms.ActiveCfg = Debug|Any CPU
		{656A58DB-8AE7-47E9-93A6-D55DE47BA8BC}.Debug|Mixed Platforms.Build.0 = Debug|Any CPU
		{656A58DB-8AE7-47E9-93A6-D55DE47BA8BC}.Debug|Win32.ActiveCfg = Debug|Any CPU
		{656A58DB-8AE7-47E9-93A6-D55DE47BA8BC}.Debug|x86.ActiveCfg = Debug|Any CPU
		{656A58DB-8AE7-47E9-93A6-D55DE47BA8BC}.Release|Any CPU.ActiveCfg = Release|Any CPU
		{656A58DB-8AE7-47E9-93A6-D55DE47BA8BC}.Release|Any CPU.Build.0 = Release|Any CPU
		{656A58DB-8AE7-47E9-93A6-D55DE47BA8BC}.Release|Mixed Platforms.ActiveCfg = Release|Any CPU
		{656A58DB-8AE7-47E9-93A6-D55DE47BA8BC}.Release|Mixed Platforms.Build.0 = Release|Any CPU
		{656A58DB-8AE7-47E9-93A6-D55DE47BA8BC}.Release|Win32.ActiveCfg = Release|Any CPU
		{656A58DB-8AE7-47E9-93A6-D55DE47BA8BC}.Release|x86.ActiveCfg = Release|Any CPU
		{6400F511-CEF2-4E3E-8AF5-F3458D6F7E23}.Debug|Any CPU.ActiveCfg = Debug|Any CPU
		{6400F511-CEF2-4E3E-8AF5-F3458D6F7E23}.Debug|Any CPU.Build.0 = Debug|Any CPU
		{6400F511-CEF2-4E3E-8AF5-F3458D6F7E23}.Debug|Mixed Platforms.ActiveCfg = Debug|Any CPU
		{6400F511-CEF2-4E3E-8AF5-F3458D6F7E23}.Debug|Mixed Platforms.Build.0 = Debug|Any CPU
		{6400F511-CEF2-4E3E-8AF5-F3458D6F7E23}.Debug|Win32.ActiveCfg = Debug|Any CPU
		{6400F511-CEF2-4E3E-8AF5-F3458D6F7E23}.Debug|x86.ActiveCfg = Debug|Any CPU
		{6400F511-CEF2-4E3E-8AF5-F3458D6F7E23}.Release|Any CPU.ActiveCfg = Release|Any CPU
		{6400F511-CEF2-4E3E-8AF5-F3458D6F7E23}.Release|Any CPU.Build.0 = Release|Any CPU
		{6400F511-CEF2-4E3E-8AF5-F3458D6F7E23}.Release|Mixed Platforms.ActiveCfg = Release|Any CPU
		{6400F511-CEF2-4E3E-8AF5-F3458D6F7E23}.Release|Mixed Platforms.Build.0 = Release|Any CPU
		{6400F511-CEF2-4E3E-8AF5-F3458D6F7E23}.Release|Win32.ActiveCfg = Release|Any CPU
		{6400F511-CEF2-4E3E-8AF5-F3458D6F7E23}.Release|x86.ActiveCfg = Release|Any CPU
		{805307DD-B086-4F56-9060-3B8B18447FDD}.Debug|Any CPU.ActiveCfg = Debug|Any CPU
		{805307DD-B086-4F56-9060-3B8B18447FDD}.Debug|Any CPU.Build.0 = Debug|Any CPU
		{805307DD-B086-4F56-9060-3B8B18447FDD}.Debug|Mixed Platforms.ActiveCfg = Debug|Any CPU
		{805307DD-B086-4F56-9060-3B8B18447FDD}.Debug|Mixed Platforms.Build.0 = Debug|Any CPU
		{805307DD-B086-4F56-9060-3B8B18447FDD}.Debug|Win32.ActiveCfg = Debug|Any CPU
		{805307DD-B086-4F56-9060-3B8B18447FDD}.Debug|x86.ActiveCfg = Debug|Any CPU
		{805307DD-B086-4F56-9060-3B8B18447FDD}.Release|Any CPU.ActiveCfg = Release|Any CPU
		{805307DD-B086-4F56-9060-3B8B18447FDD}.Release|Any CPU.Build.0 = Release|Any CPU
		{805307DD-B086-4F56-9060-3B8B18447FDD}.Release|Mixed Platforms.ActiveCfg = Release|Any CPU
		{805307DD-B086-4F56-9060-3B8B18447FDD}.Release|Mixed Platforms.Build.0 = Release|Any CPU
		{805307DD-B086-4F56-9060-3B8B18447FDD}.Release|Win32.ActiveCfg = Release|Any CPU
		{805307DD-B086-4F56-9060-3B8B18447FDD}.Release|x86.ActiveCfg = Release|Any CPU
		{8CA7306B-0E82-4305-A2F1-5ADD6B5B56B1}.Debug|Any CPU.ActiveCfg = Debug|Any CPU
		{8CA7306B-0E82-4305-A2F1-5ADD6B5B56B1}.Debug|Any CPU.Build.0 = Debug|Any CPU
		{8CA7306B-0E82-4305-A2F1-5ADD6B5B56B1}.Debug|Mixed Platforms.ActiveCfg = Debug|Any CPU
		{8CA7306B-0E82-4305-A2F1-5ADD6B5B56B1}.Debug|Mixed Platforms.Build.0 = Debug|Any CPU
		{8CA7306B-0E82-4305-A2F1-5ADD6B5B56B1}.Debug|Win32.ActiveCfg = Debug|Any CPU
		{8CA7306B-0E82-4305-A2F1-5ADD6B5B56B1}.Debug|x86.ActiveCfg = Debug|Any CPU
		{8CA7306B-0E82-4305-A2F1-5ADD6B5B56B1}.Release|Any CPU.ActiveCfg = Release|Any CPU
		{8CA7306B-0E82-4305-A2F1-5ADD6B5B56B1}.Release|Any CPU.Build.0 = Release|Any CPU
		{8CA7306B-0E82-4305-A2F1-5ADD6B5B56B1}.Release|Mixed Platforms.ActiveCfg = Release|Any CPU
		{8CA7306B-0E82-4305-A2F1-5ADD6B5B56B1}.Release|Mixed Platforms.Build.0 = Release|Any CPU
		{8CA7306B-0E82-4305-A2F1-5ADD6B5B56B1}.Release|Win32.ActiveCfg = Release|Any CPU
		{8CA7306B-0E82-4305-A2F1-5ADD6B5B56B1}.Release|x86.ActiveCfg = Release|Any CPU
		{07DCE12F-83FD-4150-A0C4-B52F53225FE1}.Debug|Any CPU.ActiveCfg = Debug|Any CPU
		{07DCE12F-83FD-4150-A0C4-B52F53225FE1}.Debug|Any CPU.Build.0 = Debug|Any CPU
		{07DCE12F-83FD-4150-A0C4-B52F53225FE1}.Debug|Mixed Platforms.ActiveCfg = Debug|Any CPU
		{07DCE12F-83FD-4150-A0C4-B52F53225FE1}.Debug|Mixed Platforms.Build.0 = Debug|Any CPU
		{07DCE12F-83FD-4150-A0C4-B52F53225FE1}.Debug|Win32.ActiveCfg = Debug|Any CPU
		{07DCE12F-83FD-4150-A0C4-B52F53225FE1}.Debug|x86.ActiveCfg = Debug|Any CPU
		{07DCE12F-83FD-4150-A0C4-B52F53225FE1}.Release|Any CPU.ActiveCfg = Release|Any CPU
		{07DCE12F-83FD-4150-A0C4-B52F53225FE1}.Release|Any CPU.Build.0 = Release|Any CPU
		{07DCE12F-83FD-4150-A0C4-B52F53225FE1}.Release|Mixed Platforms.ActiveCfg = Release|Any CPU
		{07DCE12F-83FD-4150-A0C4-B52F53225FE1}.Release|Mixed Platforms.Build.0 = Release|Any CPU
		{07DCE12F-83FD-4150-A0C4-B52F53225FE1}.Release|Win32.ActiveCfg = Release|Any CPU
		{07DCE12F-83FD-4150-A0C4-B52F53225FE1}.Release|x86.ActiveCfg = Release|Any CPU
	EndGlobalSection
	GlobalSection(SolutionProperties) = preSolution
		HideSolutionNode = FALSE
	EndGlobalSection
EndGlobal
